
Microsoft Visual Studio Solution File, Format Version 12.00
# Visual Studio Version 16
VisualStudioVersion = 16.0.29509.3
MinimumVisualStudioVersion = 10.0.40219.1
Project("{FAE04EC0-301F-11D3-BF4B-00C04F79EFBC}") = "1-PrimeiroProjeto", "1-PrimeiroProjeto\1-PrimeiroProjeto.csproj", "{238F30D9-E364-4BB4-880F-5FAC496FA10F}"
EndProject
Project("{FAE04EC0-301F-11D3-BF4B-00C04F79EFBC}") = "2-CriandoVariaveis", "2-CriandoVariaveis\2-CriandoVariaveis.csproj", "{9E0BA474-815C-4398-9975-23E5F8595C3B}"
EndProject
Project("{9A19103F-16F7-4668-BE54-9A1E7A4F7556}") = "3 - CriandoVariaveisPontoFlutuante", "3 - CriandoVariaveisPontoFlutuante\3 - CriandoVariaveisPontoFlutuante.csproj", "{86B24ACE-88B6-4D2C-BABE-6CB13165B0CF}"
EndProject
Project("{9A19103F-16F7-4668-BE54-9A1E7A4F7556}") = "4 - ConversoesEOutrosTiposNumericos", "4 - ConversoesEOutrosTiposNumericos\4 - ConversoesEOutrosTiposNumericos.csproj", "{CE36C3B7-0A13-4E84-8AAB-888D0400A844}"
EndProject
Project("{FAE04EC0-301F-11D3-BF4B-00C04F79EFBC}") = "5-CaracteresETextos", "5-CaracteresETextos\5-CaracteresETextos.csproj", "{8D14F28B-0325-499B-94AD-AC956DE4DFB9}"
EndProject
Global
	GlobalSection(SolutionConfigurationPlatforms) = preSolution
		Debug|Any CPU = Debug|Any CPU
		Release|Any CPU = Release|Any CPU
	EndGlobalSection
	GlobalSection(ProjectConfigurationPlatforms) = postSolution
		{238F30D9-E364-4BB4-880F-5FAC496FA10F}.Debug|Any CPU.ActiveCfg = Debug|Any CPU
		{238F30D9-E364-4BB4-880F-5FAC496FA10F}.Debug|Any CPU.Build.0 = Debug|Any CPU
		{238F30D9-E364-4BB4-880F-5FAC496FA10F}.Release|Any CPU.ActiveCfg = Release|Any CPU
		{238F30D9-E364-4BB4-880F-5FAC496FA10F}.Release|Any CPU.Build.0 = Release|Any CPU
		{9E0BA474-815C-4398-9975-23E5F8595C3B}.Debug|Any CPU.ActiveCfg = Debug|Any CPU
		{9E0BA474-815C-4398-9975-23E5F8595C3B}.Debug|Any CPU.Build.0 = Debug|Any CPU
		{9E0BA474-815C-4398-9975-23E5F8595C3B}.Release|Any CPU.ActiveCfg = Release|Any CPU
		{9E0BA474-815C-4398-9975-23E5F8595C3B}.Release|Any CPU.Build.0 = Release|Any CPU
		{86B24ACE-88B6-4D2C-BABE-6CB13165B0CF}.Debug|Any CPU.ActiveCfg = Debug|Any CPU
		{86B24ACE-88B6-4D2C-BABE-6CB13165B0CF}.Debug|Any CPU.Build.0 = Debug|Any CPU
		{86B24ACE-88B6-4D2C-BABE-6CB13165B0CF}.Release|Any CPU.ActiveCfg = Release|Any CPU
		{86B24ACE-88B6-4D2C-BABE-6CB13165B0CF}.Release|Any CPU.Build.0 = Release|Any CPU
		{CE36C3B7-0A13-4E84-8AAB-888D0400A844}.Debug|Any CPU.ActiveCfg = Debug|Any CPU
		{CE36C3B7-0A13-4E84-8AAB-888D0400A844}.Debug|Any CPU.Build.0 = Debug|Any CPU
		{CE36C3B7-0A13-4E84-8AAB-888D0400A844}.Release|Any CPU.ActiveCfg = Release|Any CPU
		{CE36C3B7-0A13-4E84-8AAB-888D0400A844}.Release|Any CPU.Build.0 = Release|Any CPU
		{8D14F28B-0325-499B-94AD-AC956DE4DFB9}.Debug|Any CPU.ActiveCfg = Debug|Any CPU
		{8D14F28B-0325-499B-94AD-AC956DE4DFB9}.Debug|Any CPU.Build.0 = Debug|Any CPU
		{8D14F28B-0325-499B-94AD-AC956DE4DFB9}.Release|Any CPU.ActiveCfg = Release|Any CPU
		{8D14F28B-0325-499B-94AD-AC956DE4DFB9}.Release|Any CPU.Build.0 = Release|Any CPU
	EndGlobalSection
	GlobalSection(SolutionProperties) = preSolution
		HideSolutionNode = FALSE
	EndGlobalSection
	GlobalSection(ExtensibilityGlobals) = postSolution
		SolutionGuid = {45DF551C-5232-45C2-9B8F-6890416B4460}
	EndGlobalSection
EndGlobal
